<Solution>
  <Folder Name="/src/">
    <Project Path="src/IndustrialTelemetry.Api/IndustrialTelemetry.Api.csproj" />
    <Project Path="src/IndustrialTelemetry.Core/IndustrialTelemetry.Core.csproj" />
  </Folder>
  <Folder Name="/tests/">
    <Project Path="tests/IndustrialTelemetry.Tests/IndustrialTelemetry.Tests.csproj" />
  </Folder>
</Solution>
